{
  "object": {
    "pins": [
      {
        "package": "Alamofire",
        "repositoryURL": "https://github.com/Alamofire/Alamofire.git",
        "state": {
          "branch": null,
          "revision": "2cbf59935fbb1f26e352ce4db53f1cf9408d5313",
          "version": "5.0.0-rc.3"
        }
      },
      {
        "package": "Fetch",
        "repositoryURL": "https://github.com/allaboutapps/Fetch.git",
        "state": {
          "branch": "combine",
          "revision": "5efce3558bf1bafe7d78d30873f71ea07adff60b",
          "version": null
        }
      }
    ]
  },
  "version": 1
}
