// !$*UTF8*$!
{
	archiveVersion = 1;
	classes = {
	};
	objectVersion = 50;
	objects = {

/* Begin PBXBuildFile section */
		0D7066F279FBA99A821377EE1B3C9752 /* Fetch.framework in Embed Frameworks */ = {isa = PBXBuildFile; fileRef = 82FC85EA09AE5BFA043E4AE51F1EB638 /* Fetch.framework */; settings = {ATTRIBUTES = (CodeSignOnCopy, RemoveHeadersOnCopy, ); }; };
		2A5A14D73296C47F7989C6510A686934 /* Fetch.framework in Frameworks */ = {isa = PBXBuildFile; fileRef = 82FC85EA09AE5BFA043E4AE51F1EB638 /* Fetch.framework */; };
		3948AD8E22670C9300DA0B85 /* FetchError.swift in Sources */ = {isa = PBXBuildFile; fileRef = 3948AD8D22670C9300DA0B85 /* FetchError.swift */; };
		397735AE225CC36E00E380E8 /* MemoryCache.swift in Sources */ = {isa = PBXBuildFile; fileRef = 397735AC225CC36E00E380E8 /* MemoryCache.swift */; };
		397735AF225CC36E00E380E8 /* Cache.swift in Sources */ = {isa = PBXBuildFile; fileRef = 397735AD225CC36E00E380E8 /* Cache.swift */; };
		397735B1225CC39700E380E8 /* Resource+Fetch.swift in Sources */ = {isa = PBXBuildFile; fileRef = 397735B0225CC39700E380E8 /* Resource+Fetch.swift */; };
		397735B3225CC3A800E380E8 /* Crypto.swift in Sources */ = {isa = PBXBuildFile; fileRef = 397735B2225CC3A800E380E8 /* Crypto.swift */; };
		397735B7225CC83500E380E8 /* MemoryCacheTests.swift in Sources */ = {isa = PBXBuildFile; fileRef = 397735B6225CC83500E380E8 /* MemoryCacheTests.swift */; };
		39CD557A22646F2700F38B47 /* Cacheable.swift in Sources */ = {isa = PBXBuildFile; fileRef = 39CD557922646F2700F38B47 /* Cacheable.swift */; };
		39CD557C226489A700F38B47 /* DiskCache.swift in Sources */ = {isa = PBXBuildFile; fileRef = 39CD557B226489A700F38B47 /* DiskCache.swift */; };
		39CD557E22648BD100F38B47 /* Expiration.swift in Sources */ = {isa = PBXBuildFile; fileRef = 39CD557D22648BD100F38B47 /* Expiration.swift */; };
		39CD55802264B6A100F38B47 /* DiskCacheTests.swift in Sources */ = {isa = PBXBuildFile; fileRef = 39CD557F2264B6A100F38B47 /* DiskCacheTests.swift */; };
		39CD55822265BFFF00F38B47 /* HybridCache.swift in Sources */ = {isa = PBXBuildFile; fileRef = 39CD55812265BFFF00F38B47 /* HybridCache.swift */; };
		39CD55842265CA1300F38B47 /* HybridCacheTests.swift in Sources */ = {isa = PBXBuildFile; fileRef = 39CD55832265CA1200F38B47 /* HybridCacheTests.swift */; };
		5C011D592260951B00B7526C /* ResourceDecoderProtocol.swift in Sources */ = {isa = PBXBuildFile; fileRef = 5C011D582260951B00B7526C /* ResourceDecoderProtocol.swift */; };
		5C011D5B226095A700B7526C /* ResourceEncoderProtocol.swift in Sources */ = {isa = PBXBuildFile; fileRef = 5C011D5A226095A700B7526C /* ResourceEncoderProtocol.swift */; };
		5C011D5D226096B800B7526C /* JSONEncoder+ResourceEncoder.swift in Sources */ = {isa = PBXBuildFile; fileRef = 5C011D5C226096B800B7526C /* JSONEncoder+ResourceEncoder.swift */; };
		5C011D752260A65900B7526C /* AppDelegate.swift in Sources */ = {isa = PBXBuildFile; fileRef = 5C011D742260A65900B7526C /* AppDelegate.swift */; };
		5C011D7A2260A65900B7526C /* Main.storyboard in Resources */ = {isa = PBXBuildFile; fileRef = 5C011D782260A65900B7526C /* Main.storyboard */; };
		5C011D7C2260A65A00B7526C /* Assets.xcassets in Resources */ = {isa = PBXBuildFile; fileRef = 5C011D7B2260A65A00B7526C /* Assets.xcassets */; };
		5C011D7F2260A65A00B7526C /* LaunchScreen.storyboard in Resources */ = {isa = PBXBuildFile; fileRef = 5C011D7D2260A65A00B7526C /* LaunchScreen.storyboard */; };
		5C011D892260A6C300B7526C /* OrganizationViewController.swift in Sources */ = {isa = PBXBuildFile; fileRef = 5C011D6022609AAB00B7526C /* OrganizationViewController.swift */; };
		5C011D8D2260A70D00B7526C /* Fetch.framework in Frameworks */ = {isa = PBXBuildFile; fileRef = 82FC85EA09AE5BFA043E4AE51F1EB638 /* Fetch.framework */; };
		5C011D8E2260A70D00B7526C /* Fetch.framework in Embed Frameworks */ = {isa = PBXBuildFile; fileRef = 82FC85EA09AE5BFA043E4AE51F1EB638 /* Fetch.framework */; settings = {ATTRIBUTES = (CodeSignOnCopy, RemoveHeadersOnCopy, ); }; };
		5C011D922260A8B600B7526C /* Organization.swift in Sources */ = {isa = PBXBuildFile; fileRef = 5C011D6722609C2000B7526C /* Organization.swift */; };
		5C011D932260A8C400B7526C /* GithubAPI.swift in Sources */ = {isa = PBXBuildFile; fileRef = 5C011D6A22609CD200B7526C /* GithubAPI.swift */; };
		5C011D942260A8FE00B7526C /* Alamofire.framework in Frameworks */ = {isa = PBXBuildFile; fileRef = 9891D313D796C514ADEFDA0E93FB9424 /* Alamofire.framework */; };
		5C011D982260AC7E00B7526C /* UserListViewController.swift in Sources */ = {isa = PBXBuildFile; fileRef = 5C011D972260AC7E00B7526C /* UserListViewController.swift */; };
		5C011D9A2260AD0900B7526C /* User.swift in Sources */ = {isa = PBXBuildFile; fileRef = 5C011D992260AD0900B7526C /* User.swift */; };
		5C011DA32260B43A00B7526C /* UserCell.swift in Sources */ = {isa = PBXBuildFile; fileRef = 5C011DA22260B43A00B7526C /* UserCell.swift */; };
		5C011DA52260B79A00B7526C /* RepositoryListViewController.swift in Sources */ = {isa = PBXBuildFile; fileRef = 5C011DA42260B79A00B7526C /* RepositoryListViewController.swift */; };
		5C011DA72260B7B400B7526C /* Repository.swift in Sources */ = {isa = PBXBuildFile; fileRef = 5C011DA62260B7B400B7526C /* Repository.swift */; };
		5C011DA92260BAD900B7526C /* RepositoryCell.swift in Sources */ = {isa = PBXBuildFile; fileRef = 5C011DA82260BAD900B7526C /* RepositoryCell.swift */; };
		5C1D60422265B6D40084F6E7 /* PageProtocol.swift in Sources */ = {isa = PBXBuildFile; fileRef = 5C011DB02260D2CC00B7526C /* PageProtocol.swift */; };
		5C1D60442265B71C0084F6E7 /* PagedResource.swift in Sources */ = {isa = PBXBuildFile; fileRef = 5C011DB22260D43400B7526C /* PagedResource.swift */; };
		5C1D607E2265D0850084F6E7 /* CacheTests.swift in Sources */ = {isa = PBXBuildFile; fileRef = 5C1D607D2265D0850084F6E7 /* CacheTests.swift */; };
		5C48F2E022708B6400B85D3D /* ClosureStub.swift in Sources */ = {isa = PBXBuildFile; fileRef = 5C48F2DF22708B6400B85D3D /* ClosureStub.swift */; };
		5C5E3E3E2268B10000101A4F /* post.json in Resources */ = {isa = PBXBuildFile; fileRef = 5C5E3E3D2268B10000101A4F /* post.json */; };
		6482057655BEFFD01580D0AF1DFCE7E7 /* Main.storyboard in Resources */ = {isa = PBXBuildFile; fileRef = 7F127ACF1B2327F2E08AF7842C675E48 /* Main.storyboard */; };
		887E573A4A9215BF16BA95CF3BEF8D41 /* Alamofire.framework in Frameworks */ = {isa = PBXBuildFile; fileRef = 9891D313D796C514ADEFDA0E93FB9424 /* Alamofire.framework */; };
		BA6EE94559EA0B08439F15281E67CA93 /* Alamofire.framework in Frameworks */ = {isa = PBXBuildFile; fileRef = 9891D313D796C514ADEFDA0E93FB9424 /* Alamofire.framework */; };
		C6182E1666FB0E0913C499F5CAD06E56 /* Assets.xcassets in Resources */ = {isa = PBXBuildFile; fileRef = C369C92266286A4292809F7ADD231550 /* Assets.xcassets */; };
		D81B06542268A14200688B45 /* FullPathTests.swift in Sources */ = {isa = PBXBuildFile; fileRef = D81B06532268A14200688B45 /* FullPathTests.swift */; };
		D834F4F1225E325B00D1B3A2 /* AlternatingStub.swift in Sources */ = {isa = PBXBuildFile; fileRef = D834F4F0225E325B00D1B3A2 /* AlternatingStub.swift */; };
		D834F4F3225E327A00D1B3A2 /* RandomStub.swift in Sources */ = {isa = PBXBuildFile; fileRef = D834F4F2225E327A00D1B3A2 /* RandomStub.swift */; };
		D834F4F9225F1A6200D1B3A2 /* BlogPost.swift in Sources */ = {isa = PBXBuildFile; fileRef = D88B931E2253902500161DB0 /* BlogPost.swift */; };
		D834F4FB225F225B00D1B3A2 /* URLRequestTests.swift in Sources */ = {isa = PBXBuildFile; fileRef = D834F4FA225F225B00D1B3A2 /* URLRequestTests.swift */; };
		D834F4FF225F373800D1B3A2 /* StubTests.swift in Sources */ = {isa = PBXBuildFile; fileRef = D834F4FE225F373800D1B3A2 /* StubTests.swift */; };
		D834F501225F37EA00D1B3A2 /* NestingTests.swift in Sources */ = {isa = PBXBuildFile; fileRef = D834F500225F37EA00D1B3A2 /* NestingTests.swift */; };
		D834F503225F385B00D1B3A2 /* MultipleStubsTests.swift in Sources */ = {isa = PBXBuildFile; fileRef = D834F502225F385B00D1B3A2 /* MultipleStubsTests.swift */; };
		D834F505225F389D00D1B3A2 /* CancelTests.swift in Sources */ = {isa = PBXBuildFile; fileRef = D834F504225F389D00D1B3A2 /* CancelTests.swift */; };
		D84633EA228EB4870050C3A2 /* IgnoreBody.swift in Sources */ = {isa = PBXBuildFile; fileRef = D84633E9228EB4870050C3A2 /* IgnoreBody.swift */; };
		D84633EC228EB8D50050C3A2 /* IgnoreBodyTests.swift in Sources */ = {isa = PBXBuildFile; fileRef = D84633EB228EB8D40050C3A2 /* IgnoreBodyTests.swift */; };
		D84E96E422646C820095006A /* DispatchQueueTests.swift in Sources */ = {isa = PBXBuildFile; fileRef = D84E96E322646C820095006A /* DispatchQueueTests.swift */; };
		D84E96E622647E490095006A /* ShouldStubTests.swift in Sources */ = {isa = PBXBuildFile; fileRef = D84E96E522647E490095006A /* ShouldStubTests.swift */; };
		D88B931922538FC800161DB0 /* Resource.swift in Sources */ = {isa = PBXBuildFile; fileRef = D88B931822538FC800161DB0 /* Resource.swift */; };
		D88B931D2253900300161DB0 /* APIClient.swift in Sources */ = {isa = PBXBuildFile; fileRef = D88B931C2253900300161DB0 /* APIClient.swift */; };
		D88B932D22539D1C00161DB0 /* APILogger.swift in Sources */ = {isa = PBXBuildFile; fileRef = D88B932C22539D1C00161DB0 /* APILogger.swift */; };
		D88B9339225607C900161DB0 /* Decoder+Keys.swift in Sources */ = {isa = PBXBuildFile; fileRef = D88B9338225607C900161DB0 /* Decoder+Keys.swift */; };
		D88B933D225640CE00161DB0 /* HTTPContentType.swift in Sources */ = {isa = PBXBuildFile; fileRef = D88B933C225640CE00161DB0 /* HTTPContentType.swift */; };
		D88B933F2257469100161DB0 /* StubbedURL.swift in Sources */ = {isa = PBXBuildFile; fileRef = D88B933E2257469100161DB0 /* StubbedURL.swift */; };
		D88B9341225776EB00161DB0 /* API.swift in Sources */ = {isa = PBXBuildFile; fileRef = D88B931A22538FDC00161DB0 /* API.swift */; };
		D88B93442257788300161DB0 /* Config.swift in Sources */ = {isa = PBXBuildFile; fileRef = B8D0B3896584A2347CD7065E71D5ACDB /* Config.swift */; };
		D88B934622577F8500161DB0 /* AppDelegate.swift in Sources */ = {isa = PBXBuildFile; fileRef = C46633DE2D0EA0915FC71674994375A2 /* AppDelegate.swift */; };
		D88B93502257849700161DB0 /* Fetch.framework in Frameworks */ = {isa = PBXBuildFile; fileRef = 82FC85EA09AE5BFA043E4AE51F1EB638 /* Fetch.framework */; };
		D88B9357225784BF00161DB0 /* TestAPI.swift in Sources */ = {isa = PBXBuildFile; fileRef = D88B9356225784BF00161DB0 /* TestAPI.swift */; };
		D88B93582257873200161DB0 /* Alamofire.framework in Frameworks */ = {isa = PBXBuildFile; fileRef = 9891D313D796C514ADEFDA0E93FB9424 /* Alamofire.framework */; };
		D8BB861D225DD1C500F21D45 /* Stub.swift in Sources */ = {isa = PBXBuildFile; fileRef = D8BB861C225DD1C500F21D45 /* Stub.swift */; };
		D8BB861F225DFEE600F21D45 /* modela.json in Resources */ = {isa = PBXBuildFile; fileRef = D8BB861E225DFEE600F21D45 /* modela.json */; };
		D8BB8620225E03E300F21D45 /* nested-post.json in Resources */ = {isa = PBXBuildFile; fileRef = D88B93342255FB4400161DB0 /* nested-post.json */; };
		D8BB8621225E03E800F21D45 /* posts.json in Resources */ = {isa = PBXBuildFile; fileRef = B4E367A897230D11650A284D56A96F6D /* posts.json */; };
		D8CADBE5225CB3EE00DFCEF3 /* RequestToken.swift in Sources */ = {isa = PBXBuildFile; fileRef = D8CADBE4225CB3EE00DFCEF3 /* RequestToken.swift */; };
		EB2AC5B09C99800E740FB92BB171E6FC /* ResourceAPIKit.h in Headers */ = {isa = PBXBuildFile; fileRef = 958C4D8854808AC3BA9039533F7DF325 /* ResourceAPIKit.h */; settings = {ATTRIBUTES = (Public, ); }; };
		ED71915115B8A9DC3E304212044D19E9 /* AnyEncodable.swift in Sources */ = {isa = PBXBuildFile; fileRef = D335CAE788547E462F0DC50CFA1B3E46 /* AnyEncodable.swift */; };
/* End PBXBuildFile section */

/* Begin PBXContainerItemProxy section */
		58681E4BBA8ED0DB466903A85672C41B /* PBXContainerItemProxy */ = {
			isa = PBXContainerItemProxy;
			containerPortal = 0DC8363EE1D15BA9A5B8CCCCB91F804B /* Project object */;
			proxyType = 1;
			remoteGlobalIDString = F8C358F62DCFA013A4E994E6A1DB050E;
			remoteInfo = ResourceAPIKit;
		};
		5C011D8F2260A70D00B7526C /* PBXContainerItemProxy */ = {
			isa = PBXContainerItemProxy;
			containerPortal = 0DC8363EE1D15BA9A5B8CCCCB91F804B /* Project object */;
			proxyType = 1;
			remoteGlobalIDString = F8C358F62DCFA013A4E994E6A1DB050E;
			remoteInfo = ResourceAPIKit;
		};
		D88B93512257849700161DB0 /* PBXContainerItemProxy */ = {
			isa = PBXContainerItemProxy;
			containerPortal = 0DC8363EE1D15BA9A5B8CCCCB91F804B /* Project object */;
			proxyType = 1;
			remoteGlobalIDString = F8C358F62DCFA013A4E994E6A1DB050E;
			remoteInfo = ResourceAPIKit;
		};
/* End PBXContainerItemProxy section */

/* Begin PBXCopyFilesBuildPhase section */
		0A1E225F9853529D9C17D84046C89B6F /* Embed Frameworks */ = {
			isa = PBXCopyFilesBuildPhase;
			buildActionMask = 2147483647;
			dstPath = "";
			dstSubfolderSpec = 10;
			files = (
				0D7066F279FBA99A821377EE1B3C9752 /* Fetch.framework in Embed Frameworks */,
			);
			name = "Embed Frameworks";
			runOnlyForDeploymentPostprocessing = 0;
		};
		5C011D912260A70D00B7526C /* Embed Frameworks */ = {
			isa = PBXCopyFilesBuildPhase;
			buildActionMask = 2147483647;
			dstPath = "";
			dstSubfolderSpec = 10;
			files = (
				5C011D8E2260A70D00B7526C /* Fetch.framework in Embed Frameworks */,
			);
			name = "Embed Frameworks";
			runOnlyForDeploymentPostprocessing = 0;
		};
/* End PBXCopyFilesBuildPhase section */

/* Begin PBXFileReference section */
		0049B0AB894997BBC5248D997C60B1FF /* Example.app */ = {isa = PBXFileReference; explicitFileType = wrapper.application; includeInIndex = 0; path = Example.app; sourceTree = BUILT_PRODUCTS_DIR; };
		3948AD8D22670C9300DA0B85 /* FetchError.swift */ = {isa = PBXFileReference; lastKnownFileType = sourcecode.swift; path = FetchError.swift; sourceTree = "<group>"; };
		397735AC225CC36E00E380E8 /* MemoryCache.swift */ = {isa = PBXFileReference; fileEncoding = 4; lastKnownFileType = sourcecode.swift; path = MemoryCache.swift; sourceTree = "<group>"; };
		397735AD225CC36E00E380E8 /* Cache.swift */ = {isa = PBXFileReference; fileEncoding = 4; lastKnownFileType = sourcecode.swift; path = Cache.swift; sourceTree = "<group>"; };
		397735B0225CC39700E380E8 /* Resource+Fetch.swift */ = {isa = PBXFileReference; fileEncoding = 4; lastKnownFileType = sourcecode.swift; path = "Resource+Fetch.swift"; sourceTree = "<group>"; };
		397735B2225CC3A800E380E8 /* Crypto.swift */ = {isa = PBXFileReference; fileEncoding = 4; lastKnownFileType = sourcecode.swift; path = Crypto.swift; sourceTree = "<group>"; };
		397735B6225CC83500E380E8 /* MemoryCacheTests.swift */ = {isa = PBXFileReference; lastKnownFileType = sourcecode.swift; path = MemoryCacheTests.swift; sourceTree = "<group>"; };
		39CD557922646F2700F38B47 /* Cacheable.swift */ = {isa = PBXFileReference; lastKnownFileType = sourcecode.swift; path = Cacheable.swift; sourceTree = "<group>"; };
		39CD557B226489A700F38B47 /* DiskCache.swift */ = {isa = PBXFileReference; lastKnownFileType = sourcecode.swift; path = DiskCache.swift; sourceTree = "<group>"; };
		39CD557D22648BD100F38B47 /* Expiration.swift */ = {isa = PBXFileReference; lastKnownFileType = sourcecode.swift; path = Expiration.swift; sourceTree = "<group>"; };
		39CD557F2264B6A100F38B47 /* DiskCacheTests.swift */ = {isa = PBXFileReference; lastKnownFileType = sourcecode.swift; path = DiskCacheTests.swift; sourceTree = "<group>"; };
		39CD55812265BFFF00F38B47 /* HybridCache.swift */ = {isa = PBXFileReference; lastKnownFileType = sourcecode.swift; path = HybridCache.swift; sourceTree = "<group>"; };
		39CD55832265CA1200F38B47 /* HybridCacheTests.swift */ = {isa = PBXFileReference; lastKnownFileType = sourcecode.swift; path = HybridCacheTests.swift; sourceTree = "<group>"; };
		5C011D582260951B00B7526C /* ResourceDecoderProtocol.swift */ = {isa = PBXFileReference; lastKnownFileType = sourcecode.swift; path = ResourceDecoderProtocol.swift; sourceTree = "<group>"; };
		5C011D5A226095A700B7526C /* ResourceEncoderProtocol.swift */ = {isa = PBXFileReference; lastKnownFileType = sourcecode.swift; path = ResourceEncoderProtocol.swift; sourceTree = "<group>"; };
		5C011D5C226096B800B7526C /* JSONEncoder+ResourceEncoder.swift */ = {isa = PBXFileReference; lastKnownFileType = sourcecode.swift; path = "JSONEncoder+ResourceEncoder.swift"; sourceTree = "<group>"; };
		5C011D6022609AAB00B7526C /* OrganizationViewController.swift */ = {isa = PBXFileReference; lastKnownFileType = sourcecode.swift; path = OrganizationViewController.swift; sourceTree = "<group>"; };
		5C011D6722609C2000B7526C /* Organization.swift */ = {isa = PBXFileReference; lastKnownFileType = sourcecode.swift; path = Organization.swift; sourceTree = "<group>"; };
		5C011D6A22609CD200B7526C /* GithubAPI.swift */ = {isa = PBXFileReference; lastKnownFileType = sourcecode.swift; path = GithubAPI.swift; sourceTree = "<group>"; };
		5C011D722260A65800B7526C /* GithubExample.app */ = {isa = PBXFileReference; explicitFileType = wrapper.application; includeInIndex = 0; path = GithubExample.app; sourceTree = BUILT_PRODUCTS_DIR; };
		5C011D742260A65900B7526C /* AppDelegate.swift */ = {isa = PBXFileReference; lastKnownFileType = sourcecode.swift; path = AppDelegate.swift; sourceTree = "<group>"; };
		5C011D792260A65900B7526C /* Base */ = {isa = PBXFileReference; lastKnownFileType = file.storyboard; name = Base; path = Base.lproj/Main.storyboard; sourceTree = "<group>"; };
		5C011D7B2260A65A00B7526C /* Assets.xcassets */ = {isa = PBXFileReference; lastKnownFileType = folder.assetcatalog; path = Assets.xcassets; sourceTree = "<group>"; };
		5C011D7E2260A65A00B7526C /* Base */ = {isa = PBXFileReference; lastKnownFileType = file.storyboard; name = Base; path = Base.lproj/LaunchScreen.storyboard; sourceTree = "<group>"; };
		5C011D802260A65A00B7526C /* Info.plist */ = {isa = PBXFileReference; lastKnownFileType = text.plist.xml; path = Info.plist; sourceTree = "<group>"; };
		5C011D972260AC7E00B7526C /* UserListViewController.swift */ = {isa = PBXFileReference; lastKnownFileType = sourcecode.swift; path = UserListViewController.swift; sourceTree = "<group>"; };
		5C011D992260AD0900B7526C /* User.swift */ = {isa = PBXFileReference; lastKnownFileType = sourcecode.swift; path = User.swift; sourceTree = "<group>"; };
		5C011DA22260B43A00B7526C /* UserCell.swift */ = {isa = PBXFileReference; lastKnownFileType = sourcecode.swift; path = UserCell.swift; sourceTree = "<group>"; };
		5C011DA42260B79A00B7526C /* RepositoryListViewController.swift */ = {isa = PBXFileReference; lastKnownFileType = sourcecode.swift; path = RepositoryListViewController.swift; sourceTree = "<group>"; };
		5C011DA62260B7B400B7526C /* Repository.swift */ = {isa = PBXFileReference; lastKnownFileType = sourcecode.swift; path = Repository.swift; sourceTree = "<group>"; };
		5C011DA82260BAD900B7526C /* RepositoryCell.swift */ = {isa = PBXFileReference; lastKnownFileType = sourcecode.swift; path = RepositoryCell.swift; sourceTree = "<group>"; };
		5C011DB02260D2CC00B7526C /* PageProtocol.swift */ = {isa = PBXFileReference; lastKnownFileType = sourcecode.swift; path = PageProtocol.swift; sourceTree = "<group>"; };
		5C011DB22260D43400B7526C /* PagedResource.swift */ = {isa = PBXFileReference; lastKnownFileType = sourcecode.swift; path = PagedResource.swift; sourceTree = "<group>"; };
		5C1D607D2265D0850084F6E7 /* CacheTests.swift */ = {isa = PBXFileReference; lastKnownFileType = sourcecode.swift; path = CacheTests.swift; sourceTree = "<group>"; };
		5C48F2DF22708B6400B85D3D /* ClosureStub.swift */ = {isa = PBXFileReference; lastKnownFileType = sourcecode.swift; path = ClosureStub.swift; sourceTree = "<group>"; };
		5C5E3E3D2268B10000101A4F /* post.json */ = {isa = PBXFileReference; lastKnownFileType = text.json; path = post.json; sourceTree = "<group>"; };
		82FC85EA09AE5BFA043E4AE51F1EB638 /* Fetch.framework */ = {isa = PBXFileReference; explicitFileType = wrapper.framework; includeInIndex = 0; path = Fetch.framework; sourceTree = BUILT_PRODUCTS_DIR; };
		8F67E303E8991613A4D5FB3DFF62CD20 /* Info.plist */ = {isa = PBXFileReference; lastKnownFileType = text.plist.xml; path = Info.plist; sourceTree = "<group>"; };
		958C4D8854808AC3BA9039533F7DF325 /* ResourceAPIKit.h */ = {isa = PBXFileReference; lastKnownFileType = sourcecode.c.h; path = ResourceAPIKit.h; sourceTree = "<group>"; };
		9891D313D796C514ADEFDA0E93FB9424 /* Alamofire.framework */ = {isa = PBXFileReference; lastKnownFileType = wrapper.framework; path = Alamofire.framework; sourceTree = "<group>"; };
		B4E367A897230D11650A284D56A96F6D /* posts.json */ = {isa = PBXFileReference; lastKnownFileType = text.json; path = posts.json; sourceTree = "<group>"; };
		B8BF5F8BE5312917A2921BECDEAF90BF /* Info.plist */ = {isa = PBXFileReference; lastKnownFileType = text.plist.xml; path = Info.plist; sourceTree = "<group>"; };
		B8D0B3896584A2347CD7065E71D5ACDB /* Config.swift */ = {isa = PBXFileReference; lastKnownFileType = sourcecode.swift; path = Config.swift; sourceTree = "<group>"; };
		C369C92266286A4292809F7ADD231550 /* Assets.xcassets */ = {isa = PBXFileReference; lastKnownFileType = folder.assetcatalog; path = Assets.xcassets; sourceTree = "<group>"; };
		C46633DE2D0EA0915FC71674994375A2 /* AppDelegate.swift */ = {isa = PBXFileReference; lastKnownFileType = sourcecode.swift; path = AppDelegate.swift; sourceTree = "<group>"; };
		CAB9545096304FE07C47099D0E7B674D /* Base */ = {isa = PBXFileReference; lastKnownFileType = file.storyboard; name = Base; path = Base.lproj/Main.storyboard; sourceTree = "<group>"; };
		D335CAE788547E462F0DC50CFA1B3E46 /* AnyEncodable.swift */ = {isa = PBXFileReference; lastKnownFileType = sourcecode.swift; path = AnyEncodable.swift; sourceTree = "<group>"; };
		D81B06532268A14200688B45 /* FullPathTests.swift */ = {isa = PBXFileReference; lastKnownFileType = sourcecode.swift; path = FullPathTests.swift; sourceTree = "<group>"; };
		D834F4F0225E325B00D1B3A2 /* AlternatingStub.swift */ = {isa = PBXFileReference; lastKnownFileType = sourcecode.swift; path = AlternatingStub.swift; sourceTree = "<group>"; };
		D834F4F2225E327A00D1B3A2 /* RandomStub.swift */ = {isa = PBXFileReference; lastKnownFileType = sourcecode.swift; path = RandomStub.swift; sourceTree = "<group>"; };
		D834F4FA225F225B00D1B3A2 /* URLRequestTests.swift */ = {isa = PBXFileReference; lastKnownFileType = sourcecode.swift; path = URLRequestTests.swift; sourceTree = "<group>"; };
		D834F4FE225F373800D1B3A2 /* StubTests.swift */ = {isa = PBXFileReference; lastKnownFileType = sourcecode.swift; path = StubTests.swift; sourceTree = "<group>"; };
		D834F500225F37EA00D1B3A2 /* NestingTests.swift */ = {isa = PBXFileReference; lastKnownFileType = sourcecode.swift; path = NestingTests.swift; sourceTree = "<group>"; };
		D834F502225F385B00D1B3A2 /* MultipleStubsTests.swift */ = {isa = PBXFileReference; lastKnownFileType = sourcecode.swift; path = MultipleStubsTests.swift; sourceTree = "<group>"; };
		D834F504225F389D00D1B3A2 /* CancelTests.swift */ = {isa = PBXFileReference; lastKnownFileType = sourcecode.swift; path = CancelTests.swift; sourceTree = "<group>"; };
		D84633E9228EB4870050C3A2 /* IgnoreBody.swift */ = {isa = PBXFileReference; lastKnownFileType = sourcecode.swift; path = IgnoreBody.swift; sourceTree = "<group>"; };
		D84633EB228EB8D40050C3A2 /* IgnoreBodyTests.swift */ = {isa = PBXFileReference; lastKnownFileType = sourcecode.swift; path = IgnoreBodyTests.swift; sourceTree = "<group>"; };
		D84E96E322646C820095006A /* DispatchQueueTests.swift */ = {isa = PBXFileReference; lastKnownFileType = sourcecode.swift; path = DispatchQueueTests.swift; sourceTree = "<group>"; };
		D84E96E522647E490095006A /* ShouldStubTests.swift */ = {isa = PBXFileReference; lastKnownFileType = sourcecode.swift; path = ShouldStubTests.swift; sourceTree = "<group>"; };
		D88B931822538FC800161DB0 /* Resource.swift */ = {isa = PBXFileReference; lastKnownFileType = sourcecode.swift; path = Resource.swift; sourceTree = "<group>"; };
		D88B931A22538FDC00161DB0 /* API.swift */ = {isa = PBXFileReference; lastKnownFileType = sourcecode.swift; path = API.swift; sourceTree = "<group>"; };
		D88B931C2253900300161DB0 /* APIClient.swift */ = {isa = PBXFileReference; lastKnownFileType = sourcecode.swift; path = APIClient.swift; sourceTree = "<group>"; };
		D88B931E2253902500161DB0 /* BlogPost.swift */ = {isa = PBXFileReference; lastKnownFileType = sourcecode.swift; path = BlogPost.swift; sourceTree = "<group>"; };
		D88B932C22539D1C00161DB0 /* APILogger.swift */ = {isa = PBXFileReference; lastKnownFileType = sourcecode.swift; path = APILogger.swift; sourceTree = "<group>"; };
		D88B93342255FB4400161DB0 /* nested-post.json */ = {isa = PBXFileReference; lastKnownFileType = text.json; path = "nested-post.json"; sourceTree = "<group>"; };
		D88B9338225607C900161DB0 /* Decoder+Keys.swift */ = {isa = PBXFileReference; lastKnownFileType = sourcecode.swift; path = "Decoder+Keys.swift"; sourceTree = "<group>"; };
		D88B933C225640CE00161DB0 /* HTTPContentType.swift */ = {isa = PBXFileReference; lastKnownFileType = sourcecode.swift; path = HTTPContentType.swift; sourceTree = "<group>"; };
		D88B933E2257469100161DB0 /* StubbedURL.swift */ = {isa = PBXFileReference; lastKnownFileType = sourcecode.swift; path = StubbedURL.swift; sourceTree = "<group>"; };
		D88B934B2257849700161DB0 /* FetchTests.xctest */ = {isa = PBXFileReference; explicitFileType = wrapper.cfbundle; includeInIndex = 0; path = FetchTests.xctest; sourceTree = BUILT_PRODUCTS_DIR; };
		D88B934F2257849700161DB0 /* Info.plist */ = {isa = PBXFileReference; lastKnownFileType = text.plist.xml; path = Info.plist; sourceTree = "<group>"; };
		D88B9356225784BF00161DB0 /* TestAPI.swift */ = {isa = PBXFileReference; lastKnownFileType = sourcecode.swift; path = TestAPI.swift; sourceTree = "<group>"; };
		D8BB861C225DD1C500F21D45 /* Stub.swift */ = {isa = PBXFileReference; lastKnownFileType = sourcecode.swift; path = Stub.swift; sourceTree = "<group>"; };
		D8BB861E225DFEE600F21D45 /* modela.json */ = {isa = PBXFileReference; lastKnownFileType = text.json; path = modela.json; sourceTree = "<group>"; };
		D8CADBE4225CB3EE00DFCEF3 /* RequestToken.swift */ = {isa = PBXFileReference; lastKnownFileType = sourcecode.swift; path = RequestToken.swift; sourceTree = "<group>"; };
/* End PBXFileReference section */

/* Begin PBXFrameworksBuildPhase section */
		198121BC60911B29E04FA95EC2B2FD96 /* Frameworks */ = {
			isa = PBXFrameworksBuildPhase;
			buildActionMask = 2147483647;
			files = (
				887E573A4A9215BF16BA95CF3BEF8D41 /* Alamofire.framework in Frameworks */,
			);
			runOnlyForDeploymentPostprocessing = 0;
		};
		5C011D6F2260A65800B7526C /* Frameworks */ = {
			isa = PBXFrameworksBuildPhase;
			buildActionMask = 2147483647;
			files = (
				5C011D942260A8FE00B7526C /* Alamofire.framework in Frameworks */,
				5C011D8D2260A70D00B7526C /* Fetch.framework in Frameworks */,
			);
			runOnlyForDeploymentPostprocessing = 0;
		};
		99CAC1BAE8990BFA8C6A4E6FE6991409 /* Frameworks */ = {
			isa = PBXFrameworksBuildPhase;
			buildActionMask = 2147483647;
			files = (
				2A5A14D73296C47F7989C6510A686934 /* Fetch.framework in Frameworks */,
				BA6EE94559EA0B08439F15281E67CA93 /* Alamofire.framework in Frameworks */,
			);
			runOnlyForDeploymentPostprocessing = 0;
		};
		D88B93482257849700161DB0 /* Frameworks */ = {
			isa = PBXFrameworksBuildPhase;
			buildActionMask = 2147483647;
			files = (
				D88B93502257849700161DB0 /* Fetch.framework in Frameworks */,
				D88B93582257873200161DB0 /* Alamofire.framework in Frameworks */,
			);
			runOnlyForDeploymentPostprocessing = 0;
		};
/* End PBXFrameworksBuildPhase section */

/* Begin PBXGroup section */
		0E8E0F07E8BD7723AAFE80843261248D /* Fetch */ = {
			isa = PBXGroup;
			children = (
				593A47013E192037561B14D1916C6CCD /* Code */,
				643D0A4F87885D6FB4C0E144BBD7A0EB /* SupportingFiles */,
			);
			path = Fetch;
			sourceTree = "<group>";
		};
		23EFB87AF2F22858DA31353C3DD1191A /* Network */ = {
			isa = PBXGroup;
			children = (
				D88B931C2253900300161DB0 /* APIClient.swift */,
				D88B932C22539D1C00161DB0 /* APILogger.swift */,
				3948AD8D22670C9300DA0B85 /* FetchError.swift */,
				D88B931822538FC800161DB0 /* Resource.swift */,
				397735B0225CC39700E380E8 /* Resource+Fetch.swift */,
			);
			path = Network;
			sourceTree = "<group>";
		};
		3055DD3FF3876F4A5B3E170D7F9A9317 /* Products */ = {
			isa = PBXGroup;
			children = (
				0049B0AB894997BBC5248D997C60B1FF /* Example.app */,
				82FC85EA09AE5BFA043E4AE51F1EB638 /* Fetch.framework */,
				D88B934B2257849700161DB0 /* FetchTests.xctest */,
				5C011D722260A65800B7526C /* GithubExample.app */,
			);
			name = Products;
			sourceTree = "<group>";
		};
		3948ADDE2267176F00DA0B85 /* Stubs */ = {
			isa = PBXGroup;
			children = (
				5C5E3E3D2268B10000101A4F /* post.json */,
				B4E367A897230D11650A284D56A96F6D /* posts.json */,
				D88B93342255FB4400161DB0 /* nested-post.json */,
			);
			path = Stubs;
			sourceTree = "<group>";
		};
		3948ADED2267194300DA0B85 /* Storyboards */ = {
			isa = PBXGroup;
			children = (
				C369C92266286A4292809F7ADD231550 /* Assets.xcassets */,
				7F127ACF1B2327F2E08AF7842C675E48 /* Main.storyboard */,
			);
			path = Storyboards;
			sourceTree = "<group>";
		};
		397735AB225CC36E00E380E8 /* Cache */ = {
			isa = PBXGroup;
			children = (
				397735AD225CC36E00E380E8 /* Cache.swift */,
				39CD557922646F2700F38B47 /* Cacheable.swift */,
				39CD557B226489A700F38B47 /* DiskCache.swift */,
				39CD557D22648BD100F38B47 /* Expiration.swift */,
				39CD55812265BFFF00F38B47 /* HybridCache.swift */,
				397735AC225CC36E00E380E8 /* MemoryCache.swift */,
			);
			path = Cache;
			sourceTree = "<group>";
		};
		3A61669FD54D6BC9A55128CEE5C4CA7F /* Carthage */ = {
			isa = PBXGroup;
			children = (
				E97B1E6BD7852A70A1843EEA1C3B77DD /* iOS */,
			);
			name = Carthage;
			path = Carthage/Build;
			sourceTree = "<group>";
		};
		4D1B35BAAD5824C5B5E0B7DDC77CF22E /* Utilities */ = {
			isa = PBXGroup;
			children = (
				D335CAE788547E462F0DC50CFA1B3E46 /* AnyEncodable.swift */,
				397735B2225CC3A800E380E8 /* Crypto.swift */,
				D88B9338225607C900161DB0 /* Decoder+Keys.swift */,
				D88B933C225640CE00161DB0 /* HTTPContentType.swift */,
				5C011D5C226096B800B7526C /* JSONEncoder+ResourceEncoder.swift */,
				D8CADBE4225CB3EE00DFCEF3 /* RequestToken.swift */,
				5C011D582260951B00B7526C /* ResourceDecoderProtocol.swift */,
				5C011D5A226095A700B7526C /* ResourceEncoderProtocol.swift */,
				D84633E9228EB4870050C3A2 /* IgnoreBody.swift */,
			);
			path = Utilities;
			sourceTree = "<group>";
		};
		593A47013E192037561B14D1916C6CCD /* Code */ = {
			isa = PBXGroup;
			children = (
				397735AB225CC36E00E380E8 /* Cache */,
				23EFB87AF2F22858DA31353C3DD1191A /* Network */,
				D8BB861B225DD19E00F21D45 /* Stub */,
				4D1B35BAAD5824C5B5E0B7DDC77CF22E /* Utilities */,
			);
			path = Code;
			sourceTree = "<group>";
		};
		5C011D732260A65900B7526C /* GithubExample */ = {
			isa = PBXGroup;
			children = (
				5C011D872260A68C00B7526C /* Assets */,
				5C011D862260A68000B7526C /* Code */,
				5C011D842260A66900B7526C /* SupportingFiles */,
			);
			path = GithubExample;
			sourceTree = "<group>";
		};
		5C011D842260A66900B7526C /* SupportingFiles */ = {
			isa = PBXGroup;
			children = (
				5C011D802260A65A00B7526C /* Info.plist */,
			);
			path = SupportingFiles;
			sourceTree = "<group>";
		};
		5C011D852260A67400B7526C /* Storyboards */ = {
			isa = PBXGroup;
			children = (
				5C011D782260A65900B7526C /* Main.storyboard */,
				5C011D7D2260A65A00B7526C /* LaunchScreen.storyboard */,
			);
			path = Storyboards;
			sourceTree = "<group>";
		};
		5C011D862260A68000B7526C /* Code */ = {
			isa = PBXGroup;
			children = (
				5C011D742260A65900B7526C /* AppDelegate.swift */,
				5C011DA12260B42B00B7526C /* Views */,
				5C011D852260A67400B7526C /* Storyboards */,
				5C011D882260A6AB00B7526C /* ViewControllers */,
				5C011D8C2260A6D900B7526C /* Networking */,
				5C1D60482265BFCD0084F6E7 /* Utilities */,
				5C011D8B2260A6CF00B7526C /* Models */,
			);
			path = Code;
			sourceTree = "<group>";
		};
		5C011D872260A68C00B7526C /* Assets */ = {
			isa = PBXGroup;
			children = (
				5C011D7B2260A65A00B7526C /* Assets.xcassets */,
			);
			path = Assets;
			sourceTree = "<group>";
		};
		5C011D882260A6AB00B7526C /* ViewControllers */ = {
			isa = PBXGroup;
			children = (
				5C011D6022609AAB00B7526C /* OrganizationViewController.swift */,
				5C011D972260AC7E00B7526C /* UserListViewController.swift */,
				5C011DA42260B79A00B7526C /* RepositoryListViewController.swift */,
			);
			path = ViewControllers;
			sourceTree = "<group>";
		};
		5C011D8B2260A6CF00B7526C /* Models */ = {
			isa = PBXGroup;
			children = (
				5C011D6722609C2000B7526C /* Organization.swift */,
				5C011D992260AD0900B7526C /* User.swift */,
				5C011DA62260B7B400B7526C /* Repository.swift */,
			);
			path = Models;
			sourceTree = "<group>";
		};
		5C011D8C2260A6D900B7526C /* Networking */ = {
			isa = PBXGroup;
			children = (
				5C011D6A22609CD200B7526C /* GithubAPI.swift */,
			);
			path = Networking;
			sourceTree = "<group>";
		};
		5C011DA12260B42B00B7526C /* Views */ = {
			isa = PBXGroup;
			children = (
				5C011DA22260B43A00B7526C /* UserCell.swift */,
				5C011DA82260BAD900B7526C /* RepositoryCell.swift */,
			);
			path = Views;
			sourceTree = "<group>";
		};
		5C1D60482265BFCD0084F6E7 /* Utilities */ = {
			isa = PBXGroup;
			children = (
				5CC973952264B64E00A5FB23 /* Paging */,
			);
			path = Utilities;
			sourceTree = "<group>";
		};
		5C1D607C2265D06C0084F6E7 /* Cache */ = {
			isa = PBXGroup;
			children = (
				5C1D607D2265D0850084F6E7 /* CacheTests.swift */,
				39CD557F2264B6A100F38B47 /* DiskCacheTests.swift */,
				39CD55832265CA1200F38B47 /* HybridCacheTests.swift */,
				397735B6225CC83500E380E8 /* MemoryCacheTests.swift */,
			);
			path = Cache;
			sourceTree = "<group>";
		};
		5C5E3E3F2268BB3000101A4F /* ViewControllers */ = {
			isa = PBXGroup;
			children = (
			);
			path = ViewControllers;
			sourceTree = "<group>";
		};
		5CC973952264B64E00A5FB23 /* Paging */ = {
			isa = PBXGroup;
			children = (
				5C011DB02260D2CC00B7526C /* PageProtocol.swift */,
				5C011DB22260D43400B7526C /* PagedResource.swift */,
			);
			path = Paging;
			sourceTree = "<group>";
		};
		5CFD3BC92269B83000F92F97 /* ViewModels */ = {
			isa = PBXGroup;
			children = (
			);
			path = ViewModels;
			sourceTree = "<group>";
		};
		643D0A4F87885D6FB4C0E144BBD7A0EB /* SupportingFiles */ = {
			isa = PBXGroup;
			children = (
				8F67E303E8991613A4D5FB3DFF62CD20 /* Info.plist */,
				958C4D8854808AC3BA9039533F7DF325 /* ResourceAPIKit.h */,
			);
			path = SupportingFiles;
			sourceTree = "<group>";
		};
		B35403319B2E8DB8EEBF20F115F39A00 = {
			isa = PBXGroup;
			children = (
				5C011D732260A65900B7526C /* GithubExample */,
				EF59E5BBE6D5893D23E3FF972D245A53 /* Example */,
				0E8E0F07E8BD7723AAFE80843261248D /* Fetch */,
				D88B934C2257849700161DB0 /* FetchTests */,
				DC053534422A3D1A9AFF3E2E9B5C1A18 /* Frameworks */,
				3055DD3FF3876F4A5B3E170D7F9A9317 /* Products */,
			);
			sourceTree = "<group>";
		};
		BE3662EFF68615852F0D1591B986B646 /* SupportingFiles */ = {
			isa = PBXGroup;
			children = (
				B8BF5F8BE5312917A2921BECDEAF90BF /* Info.plist */,
			);
			path = SupportingFiles;
			sourceTree = "<group>";
		};
		D88B9340225776A800161DB0 /* Models */ = {
			isa = PBXGroup;
			children = (
				D88B931E2253902500161DB0 /* BlogPost.swift */,
			);
			path = Models;
			sourceTree = "<group>";
		};
		D88B934C2257849700161DB0 /* FetchTests */ = {
			isa = PBXGroup;
			children = (
				5C1D607C2265D06C0084F6E7 /* Cache */,
				D834F504225F389D00D1B3A2 /* CancelTests.swift */,
				D84E96E322646C820095006A /* DispatchQueueTests.swift */,
				D88B934F2257849700161DB0 /* Info.plist */,
				D8BB861E225DFEE600F21D45 /* modela.json */,
				D834F502225F385B00D1B3A2 /* MultipleStubsTests.swift */,
				D834F500225F37EA00D1B3A2 /* NestingTests.swift */,
				D84E96E522647E490095006A /* ShouldStubTests.swift */,
				D834F4FE225F373800D1B3A2 /* StubTests.swift */,
				D81B06532268A14200688B45 /* FullPathTests.swift */,
				D88B9356225784BF00161DB0 /* TestAPI.swift */,
				D834F4FA225F225B00D1B3A2 /* URLRequestTests.swift */,
				D84633EB228EB8D40050C3A2 /* IgnoreBodyTests.swift */,
			);
			path = FetchTests;
			sourceTree = "<group>";
		};
		D8BB861B225DD19E00F21D45 /* Stub */ = {
			isa = PBXGroup;
			children = (
				D8BB861C225DD1C500F21D45 /* Stub.swift */,
				D834F4F0225E325B00D1B3A2 /* AlternatingStub.swift */,
				D834F4F2225E327A00D1B3A2 /* RandomStub.swift */,
				D88B933E2257469100161DB0 /* StubbedURL.swift */,
				5C48F2DF22708B6400B85D3D /* ClosureStub.swift */,
			);
			path = Stub;
			sourceTree = "<group>";
		};
		DC053534422A3D1A9AFF3E2E9B5C1A18 /* Frameworks */ = {
			isa = PBXGroup;
			children = (
				3A61669FD54D6BC9A55128CEE5C4CA7F /* Carthage */,
			);
			name = Frameworks;
			sourceTree = "<group>";
		};
		E97B1E6BD7852A70A1843EEA1C3B77DD /* iOS */ = {
			isa = PBXGroup;
			children = (
				9891D313D796C514ADEFDA0E93FB9424 /* Alamofire.framework */,
			);
			path = iOS;
			sourceTree = "<group>";
		};
		EF59E5BBE6D5893D23E3FF972D245A53 /* Example */ = {
			isa = PBXGroup;
			children = (
				D88B931A22538FDC00161DB0 /* API.swift */,
				C46633DE2D0EA0915FC71674994375A2 /* AppDelegate.swift */,
				B8D0B3896584A2347CD7065E71D5ACDB /* Config.swift */,
				D88B9340225776A800161DB0 /* Models */,
				5CFD3BC92269B83000F92F97 /* ViewModels */,
				5C5E3E3F2268BB3000101A4F /* ViewControllers */,
				3948ADDE2267176F00DA0B85 /* Stubs */,
				3948ADED2267194300DA0B85 /* Storyboards */,
				BE3662EFF68615852F0D1591B986B646 /* SupportingFiles */,
			);
			path = Example;
			sourceTree = "<group>";
		};
/* End PBXGroup section */

/* Begin PBXHeadersBuildPhase section */
		D1F0292D6BCB4525E34CDE8E15376FDE /* Headers */ = {
			isa = PBXHeadersBuildPhase;
			buildActionMask = 2147483647;
			files = (
				EB2AC5B09C99800E740FB92BB171E6FC /* ResourceAPIKit.h in Headers */,
			);
			runOnlyForDeploymentPostprocessing = 0;
		};
/* End PBXHeadersBuildPhase section */

/* Begin PBXNativeTarget section */
		14DF97133E42B2E827EBFA04F39C1682 /* Example */ = {
			isa = PBXNativeTarget;
			buildConfigurationList = 43E361F5B9A997F8E2BBD88DB8D3C51C /* Build configuration list for PBXNativeTarget "Example" */;
			buildPhases = (
				D18C8CB4CACF6754467C3C67965195DA /* Sources */,
				A0ED2CB87C11E98C88D6E0EFFA5117DC /* SwiftLint */,
				DAFEA1A301E39D5D07E7F17E2633422B /* Resources */,
				C23DA41E3E4CA0A0C74ACA8F4009ECCA /* Carthage */,
				99CAC1BAE8990BFA8C6A4E6FE6991409 /* Frameworks */,
				0A1E225F9853529D9C17D84046C89B6F /* Embed Frameworks */,
			);
			buildRules = (
			);
			dependencies = (
				C68581AFB1904423762F5F87CAF78736 /* PBXTargetDependency */,
			);
			name = Example;
			productName = ResourceAPI;
			productReference = 0049B0AB894997BBC5248D997C60B1FF /* Example.app */;
			productType = "com.apple.product-type.application";
		};
		5C011D712260A65800B7526C /* GithubExample */ = {
			isa = PBXNativeTarget;
			buildConfigurationList = 5C011D812260A65A00B7526C /* Build configuration list for PBXNativeTarget "GithubExample" */;
			buildPhases = (
				5C011D6E2260A65800B7526C /* Sources */,
				5C011D6F2260A65800B7526C /* Frameworks */,
				5C011D702260A65800B7526C /* Resources */,
				5C011D912260A70D00B7526C /* Embed Frameworks */,
				5C011D962260A91700B7526C /* Carthage */,
			);
			buildRules = (
			);
			dependencies = (
				5C011D902260A70D00B7526C /* PBXTargetDependency */,
			);
			name = GithubExample;
			productName = GithubExample;
			productReference = 5C011D722260A65800B7526C /* GithubExample.app */;
			productType = "com.apple.product-type.application";
		};
		D88B934A2257849700161DB0 /* FetchTests */ = {
			isa = PBXNativeTarget;
			buildConfigurationList = D88B93532257849700161DB0 /* Build configuration list for PBXNativeTarget "FetchTests" */;
			buildPhases = (
				D88B93472257849700161DB0 /* Sources */,
				D88B93482257849700161DB0 /* Frameworks */,
				D88B93492257849700161DB0 /* Resources */,
				D88B935C2257877E00161DB0 /* Carthage */,
			);
			buildRules = (
			);
			dependencies = (
				D88B93522257849700161DB0 /* PBXTargetDependency */,
			);
			name = FetchTests;
			productName = ResourceAPIKitTests;
			productReference = D88B934B2257849700161DB0 /* FetchTests.xctest */;
			productType = "com.apple.product-type.bundle.unit-test";
		};
		F8C358F62DCFA013A4E994E6A1DB050E /* Fetch */ = {
			isa = PBXNativeTarget;
			buildConfigurationList = A751A2BB23D098CDCBDB6647C04F2D1B /* Build configuration list for PBXNativeTarget "Fetch" */;
			buildPhases = (
				D1F0292D6BCB4525E34CDE8E15376FDE /* Headers */,
				DE99F86FB9DF7A3D7FE89BEFD69094C7 /* Sources */,
				D834F507225F3B6400D1B3A2 /* SwiftLint */,
				9928CF9BF35196762A779C653644EA48 /* Resources */,
				198121BC60911B29E04FA95EC2B2FD96 /* Frameworks */,
			);
			buildRules = (
			);
			dependencies = (
			);
			name = Fetch;
			productName = ResourceAPIKit;
			productReference = 82FC85EA09AE5BFA043E4AE51F1EB638 /* Fetch.framework */;
			productType = "com.apple.product-type.framework";
		};
/* End PBXNativeTarget section */

/* Begin PBXProject section */
		0DC8363EE1D15BA9A5B8CCCCB91F804B /* Project object */ = {
			isa = PBXProject;
			attributes = {
				LastSwiftUpdateCheck = 1020;
				LastUpgradeCheck = 1020;
				ORGANIZATIONNAME = "aaa - all about apps GmbH";
				TargetAttributes = {
					14DF97133E42B2E827EBFA04F39C1682 = {
						DevelopmentTeam = M8F9QH57A6;
					};
					5C011D712260A65800B7526C = {
						CreatedOnToolsVersion = 10.2;
					};
					D88B934A2257849700161DB0 = {
						CreatedOnToolsVersion = 10.2;
					};
					F8C358F62DCFA013A4E994E6A1DB050E = {
						DevelopmentTeam = M8F9QH57A6;
					};
				};
			};
			buildConfigurationList = 5A8DA2D9D3FFC49DF79BC0E23BA93093 /* Build configuration list for PBXProject "Fetch" */;
			compatibilityVersion = "Xcode 9.3";
			developmentRegion = en;
			hasScannedForEncodings = 0;
			knownRegions = (
				en,
				Base,
			);
			mainGroup = B35403319B2E8DB8EEBF20F115F39A00;
			projectDirPath = "";
			projectRoot = "";
			targets = (
				5C011D712260A65800B7526C /* GithubExample */,
				14DF97133E42B2E827EBFA04F39C1682 /* Example */,
				F8C358F62DCFA013A4E994E6A1DB050E /* Fetch */,
				D88B934A2257849700161DB0 /* FetchTests */,
			);
		};
/* End PBXProject section */

/* Begin PBXResourcesBuildPhase section */
		5C011D702260A65800B7526C /* Resources */ = {
			isa = PBXResourcesBuildPhase;
			buildActionMask = 2147483647;
			files = (
				5C011D7F2260A65A00B7526C /* LaunchScreen.storyboard in Resources */,
				5C011D7C2260A65A00B7526C /* Assets.xcassets in Resources */,
				5C011D7A2260A65900B7526C /* Main.storyboard in Resources */,
			);
			runOnlyForDeploymentPostprocessing = 0;
		};
		9928CF9BF35196762A779C653644EA48 /* Resources */ = {
			isa = PBXResourcesBuildPhase;
			buildActionMask = 2147483647;
			files = (
			);
			runOnlyForDeploymentPostprocessing = 0;
		};
		D88B93492257849700161DB0 /* Resources */ = {
			isa = PBXResourcesBuildPhase;
			buildActionMask = 2147483647;
			files = (
				D8BB861F225DFEE600F21D45 /* modela.json in Resources */,
			);
			runOnlyForDeploymentPostprocessing = 0;
		};
		DAFEA1A301E39D5D07E7F17E2633422B /* Resources */ = {
			isa = PBXResourcesBuildPhase;
			buildActionMask = 2147483647;
			files = (
				5C5E3E3E2268B10000101A4F /* post.json in Resources */,
				D8BB8620225E03E300F21D45 /* nested-post.json in Resources */,
				C6182E1666FB0E0913C499F5CAD06E56 /* Assets.xcassets in Resources */,
				6482057655BEFFD01580D0AF1DFCE7E7 /* Main.storyboard in Resources */,
				D8BB8621225E03E800F21D45 /* posts.json in Resources */,
			);
			runOnlyForDeploymentPostprocessing = 0;
		};
/* End PBXResourcesBuildPhase section */

/* Begin PBXShellScriptBuildPhase section */
		5C011D962260A91700B7526C /* Carthage */ = {
			isa = PBXShellScriptBuildPhase;
			buildActionMask = 2147483647;
			files = (
			);
			inputFileListPaths = (
			);
			inputPaths = (
				"$(SRCROOT)/Carthage/Build/iOS/Alamofire.framework",
			);
			name = Carthage;
			outputFileListPaths = (
			);
			outputPaths = (
				"$(BUILT_PRODUCTS_DIR)/$(FRAMEWORKS_FOLDER_PATH)/Alamofire.framework",
			);
			runOnlyForDeploymentPostprocessing = 0;
			shellPath = /bin/sh;
			shellScript = "carthage copy-frameworks\n";
		};
		A0ED2CB87C11E98C88D6E0EFFA5117DC /* SwiftLint */ = {
			isa = PBXShellScriptBuildPhase;
			buildActionMask = 2147483647;
			files = (
			);
			inputFileListPaths = (
			);
			inputPaths = (
			);
			name = SwiftLint;
			outputFileListPaths = (
			);
			outputPaths = (
			);
			runOnlyForDeploymentPostprocessing = 0;
			shellPath = /bin/sh;
			shellScript = "if which swiftlint >/dev/null; then\n  swiftlint\nelse\n  echo \"warning: SwiftLint not installed, download from https://github.com/realm/SwiftLint\"\nfi\n";
		};
		C23DA41E3E4CA0A0C74ACA8F4009ECCA /* Carthage */ = {
			isa = PBXShellScriptBuildPhase;
			buildActionMask = 2147483647;
			files = (
			);
			inputPaths = (
				"$(SRCROOT)/Carthage/Build/iOS/Alamofire.framework",
			);
			name = Carthage;
			outputPaths = (
				"$(BUILT_PRODUCTS_DIR)/$(FRAMEWORKS_FOLDER_PATH)/Alamofire.framework",
			);
			runOnlyForDeploymentPostprocessing = 0;
			shellPath = /bin/sh;
			shellScript = "carthage copy-frameworks\n";
		};
		D834F507225F3B6400D1B3A2 /* SwiftLint */ = {
			isa = PBXShellScriptBuildPhase;
			buildActionMask = 2147483647;
			files = (
			);
			inputFileListPaths = (
			);
			inputPaths = (
			);
			name = SwiftLint;
			outputFileListPaths = (
			);
			outputPaths = (
			);
			runOnlyForDeploymentPostprocessing = 0;
			shellPath = /bin/sh;
			shellScript = "if which swiftlint >/dev/null; then\nswiftlint\nelse\necho \"warning: SwiftLint not installed, download from https://github.com/realm/SwiftLint\"\nfi\n";
		};
		D88B935C2257877E00161DB0 /* Carthage */ = {
			isa = PBXShellScriptBuildPhase;
			buildActionMask = 2147483647;
			files = (
			);
			inputPaths = (
				"$(SRCROOT)/Carthage/Build/iOS/Alamofire.framework",
			);
			name = Carthage;
			outputPaths = (
				"$(BUILT_PRODUCTS_DIR)/$(FRAMEWORKS_FOLDER_PATH)/Alamofire.framework",
			);
			runOnlyForDeploymentPostprocessing = 0;
			shellPath = /bin/sh;
			shellScript = "carthage copy-frameworks\n";
		};
/* End PBXShellScriptBuildPhase section */

/* Begin PBXSourcesBuildPhase section */
		5C011D6E2260A65800B7526C /* Sources */ = {
			isa = PBXSourcesBuildPhase;
			buildActionMask = 2147483647;
			files = (
				5C011DA52260B79A00B7526C /* RepositoryListViewController.swift in Sources */,
				5C011D982260AC7E00B7526C /* UserListViewController.swift in Sources */,
				5C011D892260A6C300B7526C /* OrganizationViewController.swift in Sources */,
				5C011D9A2260AD0900B7526C /* User.swift in Sources */,
				5C011D922260A8B600B7526C /* Organization.swift in Sources */,
				5C011DA92260BAD900B7526C /* RepositoryCell.swift in Sources */,
				5C011D752260A65900B7526C /* AppDelegate.swift in Sources */,
				5C011D932260A8C400B7526C /* GithubAPI.swift in Sources */,
				5C011DA32260B43A00B7526C /* UserCell.swift in Sources */,
				5C011DA72260B7B400B7526C /* Repository.swift in Sources */,
			);
			runOnlyForDeploymentPostprocessing = 0;
		};
		D18C8CB4CACF6754467C3C67965195DA /* Sources */ = {
			isa = PBXSourcesBuildPhase;
			buildActionMask = 2147483647;
			files = (
				5C1D60442265B71C0084F6E7 /* PagedResource.swift in Sources */,
				D88B934622577F8500161DB0 /* AppDelegate.swift in Sources */,
				5C1D60422265B6D40084F6E7 /* PageProtocol.swift in Sources */,
				D834F4F9225F1A6200D1B3A2 /* BlogPost.swift in Sources */,
				D88B9341225776EB00161DB0 /* API.swift in Sources */,
				D88B93442257788300161DB0 /* Config.swift in Sources */,
			);
			runOnlyForDeploymentPostprocessing = 0;
		};
		D88B93472257849700161DB0 /* Sources */ = {
			isa = PBXSourcesBuildPhase;
			buildActionMask = 2147483647;
			files = (
				39CD55842265CA1300F38B47 /* HybridCacheTests.swift in Sources */,
				39CD55802264B6A100F38B47 /* DiskCacheTests.swift in Sources */,
				5C1D607E2265D0850084F6E7 /* CacheTests.swift in Sources */,
				D88B9357225784BF00161DB0 /* TestAPI.swift in Sources */,
				D834F503225F385B00D1B3A2 /* MultipleStubsTests.swift in Sources */,
				D834F4FF225F373800D1B3A2 /* StubTests.swift in Sources */,
				397735B7225CC83500E380E8 /* MemoryCacheTests.swift in Sources */,
				D84E96E422646C820095006A /* DispatchQueueTests.swift in Sources */,
				D81B06542268A14200688B45 /* FullPathTests.swift in Sources */,
				D84E96E622647E490095006A /* ShouldStubTests.swift in Sources */,
				D834F505225F389D00D1B3A2 /* CancelTests.swift in Sources */,
				D834F501225F37EA00D1B3A2 /* NestingTests.swift in Sources */,
				D834F4FB225F225B00D1B3A2 /* URLRequestTests.swift in Sources */,
				D84633EC228EB8D50050C3A2 /* IgnoreBodyTests.swift in Sources */,
			);
			runOnlyForDeploymentPostprocessing = 0;
		};
		DE99F86FB9DF7A3D7FE89BEFD69094C7 /* Sources */ = {
			isa = PBXSourcesBuildPhase;
			buildActionMask = 2147483647;
			files = (
				D88B931922538FC800161DB0 /* Resource.swift in Sources */,
				5C011D5B226095A700B7526C /* ResourceEncoderProtocol.swift in Sources */,
				3948AD8E22670C9300DA0B85 /* FetchError.swift in Sources */,
				397735AE225CC36E00E380E8 /* MemoryCache.swift in Sources */,
				D834F4F1225E325B00D1B3A2 /* AlternatingStub.swift in Sources */,
				ED71915115B8A9DC3E304212044D19E9 /* AnyEncodable.swift in Sources */,
				39CD557E22648BD100F38B47 /* Expiration.swift in Sources */,
				D88B9339225607C900161DB0 /* Decoder+Keys.swift in Sources */,
				39CD557C226489A700F38B47 /* DiskCache.swift in Sources */,
				397735AF225CC36E00E380E8 /* Cache.swift in Sources */,
				397735B1225CC39700E380E8 /* Resource+Fetch.swift in Sources */,
				D8CADBE5225CB3EE00DFCEF3 /* RequestToken.swift in Sources */,
				5C011D592260951B00B7526C /* ResourceDecoderProtocol.swift in Sources */,
				D88B932D22539D1C00161DB0 /* APILogger.swift in Sources */,
				D834F4F3225E327A00D1B3A2 /* RandomStub.swift in Sources */,
				397735B3225CC3A800E380E8 /* Crypto.swift in Sources */,
				D88B933D225640CE00161DB0 /* HTTPContentType.swift in Sources */,
				39CD557A22646F2700F38B47 /* Cacheable.swift in Sources */,
				D88B931D2253900300161DB0 /* APIClient.swift in Sources */,
				D88B933F2257469100161DB0 /* StubbedURL.swift in Sources */,
				D8BB861D225DD1C500F21D45 /* Stub.swift in Sources */,
				39CD55822265BFFF00F38B47 /* HybridCache.swift in Sources */,
				D84633EA228EB4870050C3A2 /* IgnoreBody.swift in Sources */,
				5C011D5D226096B800B7526C /* JSONEncoder+ResourceEncoder.swift in Sources */,
				5C48F2E022708B6400B85D3D /* ClosureStub.swift in Sources */,
			);
			runOnlyForDeploymentPostprocessing = 0;
		};
/* End PBXSourcesBuildPhase section */

/* Begin PBXTargetDependency section */
		5C011D902260A70D00B7526C /* PBXTargetDependency */ = {
			isa = PBXTargetDependency;
			target = F8C358F62DCFA013A4E994E6A1DB050E /* Fetch */;
			targetProxy = 5C011D8F2260A70D00B7526C /* PBXContainerItemProxy */;
		};
		C68581AFB1904423762F5F87CAF78736 /* PBXTargetDependency */ = {
			isa = PBXTargetDependency;
			target = F8C358F62DCFA013A4E994E6A1DB050E /* Fetch */;
			targetProxy = 58681E4BBA8ED0DB466903A85672C41B /* PBXContainerItemProxy */;
		};
		D88B93522257849700161DB0 /* PBXTargetDependency */ = {
			isa = PBXTargetDependency;
			target = F8C358F62DCFA013A4E994E6A1DB050E /* Fetch */;
			targetProxy = D88B93512257849700161DB0 /* PBXContainerItemProxy */;
		};
/* End PBXTargetDependency section */

/* Begin PBXVariantGroup section */
		5C011D782260A65900B7526C /* Main.storyboard */ = {
			isa = PBXVariantGroup;
			children = (
				5C011D792260A65900B7526C /* Base */,
			);
			name = Main.storyboard;
			sourceTree = "<group>";
		};
		5C011D7D2260A65A00B7526C /* LaunchScreen.storyboard */ = {
			isa = PBXVariantGroup;
			children = (
				5C011D7E2260A65A00B7526C /* Base */,
			);
			name = LaunchScreen.storyboard;
			sourceTree = "<group>";
		};
		7F127ACF1B2327F2E08AF7842C675E48 /* Main.storyboard */ = {
			isa = PBXVariantGroup;
			children = (
				CAB9545096304FE07C47099D0E7B674D /* Base */,
			);
			name = Main.storyboard;
			sourceTree = "<group>";
		};
/* End PBXVariantGroup section */

/* Begin XCBuildConfiguration section */
		1360DBA6594F191FB79988880738B52C /* Debug */ = {
			isa = XCBuildConfiguration;
			buildSettings = {
				APPLICATION_EXTENSION_API_ONLY = YES;
				CODE_SIGN_IDENTITY = "";
				CURRENT_PROJECT_VERSION = 1;
				DEFINES_MODULE = YES;
				DEVELOPMENT_TEAM = M8F9QH57A6;
				DYLIB_COMPATIBILITY_VERSION = 1;
				DYLIB_CURRENT_VERSION = 1;
				DYLIB_INSTALL_NAME_BASE = "@rpath";
				FRAMEWORK_SEARCH_PATHS = (
					"$(inherited)",
					"$(PROJECT_DIR)/Carthage/Build/iOS",
				);
				INFOPLIST_FILE = Fetch/SupportingFiles/Info.plist;
				INSTALL_PATH = "$(LOCAL_LIBRARY_DIR)/Frameworks";
				LD_RUNPATH_SEARCH_PATHS = (
					"$(inherited)",
					"@executable_path/Frameworks",
				);
				PRODUCT_BUNDLE_IDENTIFIER = at.allaboutapps.Fetch;
				PRODUCT_NAME = Fetch;
				SDKROOT = iphoneos;
				SKIP_INSTALL = YES;
				TARGETED_DEVICE_FAMILY = "1,2";
				VERSIONING_SYSTEM = "apple-generic";
			};
			name = Debug;
		};
		4B85267FF8C73D5BD65C106B5FA26DC5 /* Debug */ = {
			isa = XCBuildConfiguration;
			buildSettings = {
				ALWAYS_EMBED_SWIFT_STANDARD_LIBRARIES = YES;
				ASSETCATALOG_COMPILER_APPICON_NAME = AppIcon;
				CODE_SIGN_IDENTITY = "iPhone Developer";
				FRAMEWORK_SEARCH_PATHS = (
					"$(inherited)",
					"$(PROJECT_DIR)/Carthage/Build/iOS",
				);
				INFOPLIST_FILE = Example/SupportingFiles/Info.plist;
				LD_RUNPATH_SEARCH_PATHS = (
					"$(inherited)",
					"@executable_path/Frameworks",
				);
				PRODUCT_BUNDLE_IDENTIFIER = at.allaboutapps.Example;
				PRODUCT_NAME = Example;
				SDKROOT = iphoneos;
				TARGETED_DEVICE_FAMILY = "1,2";
			};
			name = Debug;
		};
		50D4412AA2BEA2DA2F4A9B8F93BDB14D /* Debug */ = {
			isa = XCBuildConfiguration;
			buildSettings = {
				ALWAYS_SEARCH_USER_PATHS = NO;
				CLANG_ANALYZER_NONNULL = YES;
				CLANG_ANALYZER_NUMBER_OBJECT_CONVERSION = YES_AGGRESSIVE;
				CLANG_CXX_LANGUAGE_STANDARD = "gnu++14";
				CLANG_CXX_LIBRARY = "libc++";
				CLANG_ENABLE_MODULES = YES;
				CLANG_ENABLE_OBJC_ARC = YES;
				CLANG_WARN_BLOCK_CAPTURE_AUTORELEASING = YES;
				CLANG_WARN_BOOL_CONVERSION = YES;
				CLANG_WARN_COMMA = YES;
				CLANG_WARN_CONSTANT_CONVERSION = YES;
				CLANG_WARN_DEPRECATED_OBJC_IMPLEMENTATIONS = YES;
				CLANG_WARN_DIRECT_OBJC_ISA_USAGE = YES_ERROR;
				CLANG_WARN_DOCUMENTATION_COMMENTS = YES;
				CLANG_WARN_EMPTY_BODY = YES;
				CLANG_WARN_ENUM_CONVERSION = YES;
				CLANG_WARN_INFINITE_RECURSION = YES;
				CLANG_WARN_INT_CONVERSION = YES;
				CLANG_WARN_NON_LITERAL_NULL_CONVERSION = YES;
				CLANG_WARN_OBJC_IMPLICIT_RETAIN_SELF = YES;
				CLANG_WARN_OBJC_LITERAL_CONVERSION = YES;
				CLANG_WARN_OBJC_ROOT_CLASS = YES_ERROR;
				CLANG_WARN_RANGE_LOOP_ANALYSIS = YES;
				CLANG_WARN_STRICT_PROTOTYPES = YES;
				CLANG_WARN_SUSPICIOUS_MOVE = YES;
				CLANG_WARN_UNGUARDED_AVAILABILITY = YES_AGGRESSIVE;
				CLANG_WARN_UNREACHABLE_CODE = YES;
				CLANG_WARN__DUPLICATE_METHOD_MATCH = YES;
				COPY_PHASE_STRIP = NO;
				DEBUG_INFORMATION_FORMAT = dwarf;
				DEVELOPMENT_TEAM = M8F9QH57A6;
				ENABLE_STRICT_OBJC_MSGSEND = YES;
				ENABLE_TESTABILITY = YES;
				GCC_C_LANGUAGE_STANDARD = gnu11;
				GCC_DYNAMIC_NO_PIC = NO;
				GCC_NO_COMMON_BLOCKS = YES;
				GCC_OPTIMIZATION_LEVEL = 0;
				GCC_PREPROCESSOR_DEFINITIONS = (
					"$(inherited)",
					"DEBUG=1",
				);
				GCC_WARN_64_TO_32_BIT_CONVERSION = YES;
				GCC_WARN_ABOUT_RETURN_TYPE = YES_ERROR;
				GCC_WARN_UNDECLARED_SELECTOR = YES;
				GCC_WARN_UNINITIALIZED_AUTOS = YES_AGGRESSIVE;
				GCC_WARN_UNUSED_FUNCTION = YES;
				GCC_WARN_UNUSED_VARIABLE = YES;
				IPHONEOS_DEPLOYMENT_TARGET = 11;
				MTL_ENABLE_DEBUG_INFO = YES;
				ONLY_ACTIVE_ARCH = YES;
				PRODUCT_NAME = "$(TARGET_NAME)";
				SDKROOT = iphoneos;
				SWIFT_ACTIVE_COMPILATION_CONDITIONS = DEBUG;
				SWIFT_OPTIMIZATION_LEVEL = "-Onone";
				SWIFT_VERSION = 5.0;
			};
			name = Debug;
		};
		59DE15DE67355B5DF3124107009720DE /* Release */ = {
			isa = XCBuildConfiguration;
			buildSettings = {
				APPLICATION_EXTENSION_API_ONLY = YES;
				CODE_SIGN_IDENTITY = "";
				CURRENT_PROJECT_VERSION = 1;
				DEFINES_MODULE = YES;
				DEVELOPMENT_TEAM = M8F9QH57A6;
				DYLIB_COMPATIBILITY_VERSION = 1;
				DYLIB_CURRENT_VERSION = 1;
				DYLIB_INSTALL_NAME_BASE = "@rpath";
				FRAMEWORK_SEARCH_PATHS = (
					"$(inherited)",
					"$(PROJECT_DIR)/Carthage/Build/iOS",
				);
				INFOPLIST_FILE = Fetch/SupportingFiles/Info.plist;
				INSTALL_PATH = "$(LOCAL_LIBRARY_DIR)/Frameworks";
				LD_RUNPATH_SEARCH_PATHS = (
					"$(inherited)",
					"@executable_path/Frameworks",
				);
				PRODUCT_BUNDLE_IDENTIFIER = at.allaboutapps.Fetch;
				PRODUCT_NAME = Fetch;
				SDKROOT = iphoneos;
				SKIP_INSTALL = YES;
				TARGETED_DEVICE_FAMILY = "1,2";
				VERSIONING_SYSTEM = "apple-generic";
			};
			name = Release;
		};
		5C011D822260A65A00B7526C /* Debug */ = {
			isa = XCBuildConfiguration;
			buildSettings = {
				ALWAYS_EMBED_SWIFT_STANDARD_LIBRARIES = YES;
				ASSETCATALOG_COMPILER_APPICON_NAME = AppIcon;
				CLANG_ENABLE_OBJC_WEAK = YES;
				CODE_SIGN_IDENTITY = "iPhone Developer";
				CODE_SIGN_STYLE = Automatic;
				DEVELOPMENT_TEAM = M8F9QH57A6;
				FRAMEWORK_SEARCH_PATHS = (
					"$(inherited)",
					"$(PROJECT_DIR)/Carthage/Build/iOS",
				);
				GCC_PREPROCESSOR_DEFINITIONS = (
					"DEBUG=1",
					"$(inherited)",
				);
				INFOPLIST_FILE = "$(SRCROOT)/GithubExample/SupportingFiles/Info.plist";
				LD_RUNPATH_SEARCH_PATHS = (
					"$(inherited)",
					"@executable_path/Frameworks",
				);
				MTL_ENABLE_DEBUG_INFO = INCLUDE_SOURCE;
				MTL_FAST_MATH = YES;
				PRODUCT_BUNDLE_IDENTIFIER = at.allaboutapps.GithubExample;
				PRODUCT_NAME = "$(TARGET_NAME)";
				SWIFT_VERSION = 5.0;
				TARGETED_DEVICE_FAMILY = "1,2";
			};
			name = Debug;
		};
		5C011D832260A65A00B7526C /* Release */ = {
			isa = XCBuildConfiguration;
			buildSettings = {
				ALWAYS_EMBED_SWIFT_STANDARD_LIBRARIES = YES;
				ASSETCATALOG_COMPILER_APPICON_NAME = AppIcon;
				CLANG_ENABLE_OBJC_WEAK = YES;
				CODE_SIGN_IDENTITY = "iPhone Developer";
				CODE_SIGN_STYLE = Automatic;
				DEVELOPMENT_TEAM = M8F9QH57A6;
				FRAMEWORK_SEARCH_PATHS = (
					"$(inherited)",
					"$(PROJECT_DIR)/Carthage/Build/iOS",
				);
				INFOPLIST_FILE = "$(SRCROOT)/GithubExample/SupportingFiles/Info.plist";
				LD_RUNPATH_SEARCH_PATHS = (
					"$(inherited)",
					"@executable_path/Frameworks",
				);
				MTL_ENABLE_DEBUG_INFO = NO;
				MTL_FAST_MATH = YES;
				PRODUCT_BUNDLE_IDENTIFIER = at.allaboutapps.GithubExample;
				PRODUCT_NAME = "$(TARGET_NAME)";
				SWIFT_OPTIMIZATION_LEVEL = "-O";
				SWIFT_VERSION = 5.0;
				TARGETED_DEVICE_FAMILY = "1,2";
			};
			name = Release;
		};
		B61D64E965C6A1FB2F945DBEB6C77449 /* Release */ = {
			isa = XCBuildConfiguration;
			buildSettings = {
				ALWAYS_EMBED_SWIFT_STANDARD_LIBRARIES = YES;
				ASSETCATALOG_COMPILER_APPICON_NAME = AppIcon;
				CODE_SIGN_IDENTITY = "iPhone Developer";
				FRAMEWORK_SEARCH_PATHS = (
					"$(inherited)",
					"$(PROJECT_DIR)/Carthage/Build/iOS",
				);
				INFOPLIST_FILE = Example/SupportingFiles/Info.plist;
				LD_RUNPATH_SEARCH_PATHS = (
					"$(inherited)",
					"@executable_path/Frameworks",
				);
				PRODUCT_BUNDLE_IDENTIFIER = at.allaboutapps.Example;
				PRODUCT_NAME = Example;
				SDKROOT = iphoneos;
				TARGETED_DEVICE_FAMILY = "1,2";
			};
			name = Release;
		};
		D88B93542257849700161DB0 /* Debug */ = {
			isa = XCBuildConfiguration;
			buildSettings = {
				CLANG_ENABLE_OBJC_WEAK = YES;
				CODE_SIGN_IDENTITY = "iPhone Developer";
				CODE_SIGN_STYLE = Automatic;
				DEVELOPMENT_TEAM = M8F9QH57A6;
				FRAMEWORK_SEARCH_PATHS = (
					"$(inherited)",
					"$(PROJECT_DIR)/Carthage/Build/iOS",
				);
				GCC_PREPROCESSOR_DEFINITIONS = (
					"DEBUG=1",
					"$(inherited)",
				);
				INFOPLIST_FILE = FetchTests/Info.plist;
				IPHONEOS_DEPLOYMENT_TARGET = 12.2;
				LD_RUNPATH_SEARCH_PATHS = (
					"$(inherited)",
					"@executable_path/Frameworks",
					"@loader_path/Frameworks",
				);
				MTL_ENABLE_DEBUG_INFO = INCLUDE_SOURCE;
				MTL_FAST_MATH = YES;
				PRODUCT_BUNDLE_IDENTIFIER = at.allboutapps.FetchTests;
				PRODUCT_NAME = "$(TARGET_NAME)";
				SWIFT_VERSION = 5.0;
				TARGETED_DEVICE_FAMILY = "1,2";
			};
			name = Debug;
		};
		D88B93552257849700161DB0 /* Release */ = {
			isa = XCBuildConfiguration;
			buildSettings = {
				CLANG_ENABLE_OBJC_WEAK = YES;
				CODE_SIGN_IDENTITY = "iPhone Developer";
				CODE_SIGN_STYLE = Automatic;
				DEVELOPMENT_TEAM = M8F9QH57A6;
				FRAMEWORK_SEARCH_PATHS = (
					"$(inherited)",
					"$(PROJECT_DIR)/Carthage/Build/iOS",
				);
				INFOPLIST_FILE = FetchTests/Info.plist;
				IPHONEOS_DEPLOYMENT_TARGET = 12.2;
				LD_RUNPATH_SEARCH_PATHS = (
					"$(inherited)",
					"@executable_path/Frameworks",
					"@loader_path/Frameworks",
				);
				MTL_ENABLE_DEBUG_INFO = NO;
				MTL_FAST_MATH = YES;
				PRODUCT_BUNDLE_IDENTIFIER = at.allboutapps.FetchTests;
				PRODUCT_NAME = "$(TARGET_NAME)";
				SWIFT_OPTIMIZATION_LEVEL = "-O";
				SWIFT_VERSION = 5.0;
				TARGETED_DEVICE_FAMILY = "1,2";
			};
			name = Release;
		};
		FC821B9E2F152867AD00FC9D89138950 /* Release */ = {
			isa = XCBuildConfiguration;
			buildSettings = {
				ALWAYS_SEARCH_USER_PATHS = NO;
				CLANG_ANALYZER_NONNULL = YES;
				CLANG_ANALYZER_NUMBER_OBJECT_CONVERSION = YES_AGGRESSIVE;
				CLANG_CXX_LANGUAGE_STANDARD = "gnu++14";
				CLANG_CXX_LIBRARY = "libc++";
				CLANG_ENABLE_MODULES = YES;
				CLANG_ENABLE_OBJC_ARC = YES;
				CLANG_WARN_BLOCK_CAPTURE_AUTORELEASING = YES;
				CLANG_WARN_BOOL_CONVERSION = YES;
				CLANG_WARN_COMMA = YES;
				CLANG_WARN_CONSTANT_CONVERSION = YES;
				CLANG_WARN_DEPRECATED_OBJC_IMPLEMENTATIONS = YES;
				CLANG_WARN_DIRECT_OBJC_ISA_USAGE = YES_ERROR;
				CLANG_WARN_DOCUMENTATION_COMMENTS = YES;
				CLANG_WARN_EMPTY_BODY = YES;
				CLANG_WARN_ENUM_CONVERSION = YES;
				CLANG_WARN_INFINITE_RECURSION = YES;
				CLANG_WARN_INT_CONVERSION = YES;
				CLANG_WARN_NON_LITERAL_NULL_CONVERSION = YES;
				CLANG_WARN_OBJC_IMPLICIT_RETAIN_SELF = YES;
				CLANG_WARN_OBJC_LITERAL_CONVERSION = YES;
				CLANG_WARN_OBJC_ROOT_CLASS = YES_ERROR;
				CLANG_WARN_RANGE_LOOP_ANALYSIS = YES;
				CLANG_WARN_STRICT_PROTOTYPES = YES;
				CLANG_WARN_SUSPICIOUS_MOVE = YES;
				CLANG_WARN_UNGUARDED_AVAILABILITY = YES_AGGRESSIVE;
				CLANG_WARN_UNREACHABLE_CODE = YES;
				CLANG_WARN__DUPLICATE_METHOD_MATCH = YES;
				COPY_PHASE_STRIP = NO;
				DEBUG_INFORMATION_FORMAT = "dwarf-with-dsym";
				DEVELOPMENT_TEAM = M8F9QH57A6;
				ENABLE_NS_ASSERTIONS = NO;
				ENABLE_STRICT_OBJC_MSGSEND = YES;
				GCC_C_LANGUAGE_STANDARD = gnu11;
				GCC_NO_COMMON_BLOCKS = YES;
				GCC_WARN_64_TO_32_BIT_CONVERSION = YES;
				GCC_WARN_ABOUT_RETURN_TYPE = YES_ERROR;
				GCC_WARN_UNDECLARED_SELECTOR = YES;
				GCC_WARN_UNINITIALIZED_AUTOS = YES_AGGRESSIVE;
				GCC_WARN_UNUSED_FUNCTION = YES;
				GCC_WARN_UNUSED_VARIABLE = YES;
				IPHONEOS_DEPLOYMENT_TARGET = 11;
				PRODUCT_NAME = "$(TARGET_NAME)";
				SDKROOT = iphoneos;
				SWIFT_COMPILATION_MODE = wholemodule;
				SWIFT_OPTIMIZATION_LEVEL = "-Owholemodule";
				SWIFT_VERSION = 5.0;
				VALIDATE_PRODUCT = YES;
			};
			name = Release;
		};
/* End XCBuildConfiguration section */

/* Begin XCConfigurationList section */
		43E361F5B9A997F8E2BBD88DB8D3C51C /* Build configuration list for PBXNativeTarget "Example" */ = {
			isa = XCConfigurationList;
			buildConfigurations = (
				4B85267FF8C73D5BD65C106B5FA26DC5 /* Debug */,
				B61D64E965C6A1FB2F945DBEB6C77449 /* Release */,
			);
			defaultConfigurationIsVisible = 0;
			defaultConfigurationName = "";
		};
		5A8DA2D9D3FFC49DF79BC0E23BA93093 /* Build configuration list for PBXProject "Fetch" */ = {
			isa = XCConfigurationList;
			buildConfigurations = (
				50D4412AA2BEA2DA2F4A9B8F93BDB14D /* Debug */,
				FC821B9E2F152867AD00FC9D89138950 /* Release */,
			);
			defaultConfigurationIsVisible = 0;
			defaultConfigurationName = Debug;
		};
		5C011D812260A65A00B7526C /* Build configuration list for PBXNativeTarget "GithubExample" */ = {
			isa = XCConfigurationList;
			buildConfigurations = (
				5C011D822260A65A00B7526C /* Debug */,
				5C011D832260A65A00B7526C /* Release */,
			);
			defaultConfigurationIsVisible = 0;
			defaultConfigurationName = Debug;
		};
		A751A2BB23D098CDCBDB6647C04F2D1B /* Build configuration list for PBXNativeTarget "Fetch" */ = {
			isa = XCConfigurationList;
			buildConfigurations = (
				1360DBA6594F191FB79988880738B52C /* Debug */,
				59DE15DE67355B5DF3124107009720DE /* Release */,
			);
			defaultConfigurationIsVisible = 0;
			defaultConfigurationName = "";
		};
		D88B93532257849700161DB0 /* Build configuration list for PBXNativeTarget "FetchTests" */ = {
			isa = XCConfigurationList;
			buildConfigurations = (
				D88B93542257849700161DB0 /* Debug */,
				D88B93552257849700161DB0 /* Release */,
			);
			defaultConfigurationIsVisible = 0;
			defaultConfigurationName = Debug;
		};
/* End XCConfigurationList section */
	};
	rootObject = 0DC8363EE1D15BA9A5B8CCCCB91F804B /* Project object */;
}
